
Microsoft Visual Studio Solution File, Format Version 12.00
# Visual Studio Version 17
VisualStudioVersion = 17.14.35906.104
MinimumVisualStudioVersion = 10.0.40219.1
Project("{FAE04EC0-301F-11D3-BF4B-00C04F79EFBC}") = "HRPayrollManagementApi", "HRPayrollManagementApi\HRPayrollManagementApi.csproj", "{131FA945-2ABD-4113-83AA-77285C6E2E88}"
	ProjectSection(ProjectDependencies) = postProject
		{0521A86F-215A-4182-9401-5968D9AE7FCE} = {0521A86F-215A-4182-9401-5968D9AE7FCE}
	EndProjectSection
EndProject
Project("{FAE04EC0-301F-11D3-BF4B-00C04F79EFBC}") = "HRPayrollManagementApi.Application", "HRPayrollManagementApi.Application\HRPayrollManagementApi.Application.csproj", "{ED54342B-9AE1-453C-AC5C-2E392F979D3E}"
	ProjectSection(ProjectDependencies) = postProject
		{9F4D9EA1-8EE4-41FF-BA62-F6F9AA71FF04} = {9F4D9EA1-8EE4-41FF-BA62-F6F9AA71FF04}
	EndProjectSection
EndProject
Project("{FAE04EC0-301F-11D3-BF4B-00C04F79EFBC}") = "HRPayrollManagementApi.Domain", "HRPayrollManagementApi.Domain\HRPayrollManagementApi.Domain.csproj", "{9F4D9EA1-8EE4-41FF-BA62-F6F9AA71FF04}"
EndProject
Project("{FAE04EC0-301F-11D3-BF4B-00C04F79EFBC}") = "HRPayrollManagementApi.Infrastructure", "HRPayrollManagement.Infrastructure\HRPayrollManagementApi.Infrastructure.csproj", "{0521A86F-215A-4182-9401-5968D9AE7FCE}"
EndProject
Project("{FAE04EC0-301F-11D3-BF4B-00C04F79EFBC}") = "HRPayrollManagementApi.Tests", "HRPayrollManagementApi.Tests\HRPayrollManagementApi.Tests.csproj", "{7D317CB1-1D94-40A8-8CA3-10A0602A42CD}"
EndProject
Global
	GlobalSection(SolutionConfigurationPlatforms) = preSolution
		Debug|Any CPU = Debug|Any CPU
		Release|Any CPU = Release|Any CPU
	EndGlobalSection
	GlobalSection(ProjectConfigurationPlatforms) = postSolution
		{131FA945-2ABD-4113-83AA-77285C6E2E88}.Debug|Any CPU.ActiveCfg = Debug|Any CPU
		{131FA945-2ABD-4113-83AA-77285C6E2E88}.Debug|Any CPU.Build.0 = Debug|Any CPU
		{131FA945-2ABD-4113-83AA-77285C6E2E88}.Release|Any CPU.ActiveCfg = Release|Any CPU
		{131FA945-2ABD-4113-83AA-77285C6E2E88}.Release|Any CPU.Build.0 = Release|Any CPU
		{ED54342B-9AE1-453C-AC5C-2E392F979D3E}.Debug|Any CPU.ActiveCfg = Debug|Any CPU
		{ED54342B-9AE1-453C-AC5C-2E392F979D3E}.Debug|Any CPU.Build.0 = Debug|Any CPU
		{ED54342B-9AE1-453C-AC5C-2E392F979D3E}.Release|Any CPU.ActiveCfg = Release|Any CPU
		{ED54342B-9AE1-453C-AC5C-2E392F979D3E}.Release|Any CPU.Build.0 = Release|Any CPU
		{9F4D9EA1-8EE4-41FF-BA62-F6F9AA71FF04}.Debug|Any CPU.ActiveCfg = Debug|Any CPU
		{9F4D9EA1-8EE4-41FF-BA62-F6F9AA71FF04}.Debug|Any CPU.Build.0 = Debug|Any CPU
		{9F4D9EA1-8EE4-41FF-BA62-F6F9AA71FF04}.Release|Any CPU.ActiveCfg = Release|Any CPU
		{9F4D9EA1-8EE4-41FF-BA62-F6F9AA71FF04}.Release|Any CPU.Build.0 = Release|Any CPU
		{0521A86F-215A-4182-9401-5968D9AE7FCE}.Debug|Any CPU.ActiveCfg = Debug|Any CPU
		{0521A86F-215A-4182-9401-5968D9AE7FCE}.Debug|Any CPU.Build.0 = Debug|Any CPU
		{0521A86F-215A-4182-9401-5968D9AE7FCE}.Release|Any CPU.ActiveCfg = Release|Any CPU
		{0521A86F-215A-4182-9401-5968D9AE7FCE}.Release|Any CPU.Build.0 = Release|Any CPU
		{7D317CB1-1D94-40A8-8CA3-10A0602A42CD}.Debug|Any CPU.ActiveCfg = Debug|Any CPU
		{7D317CB1-1D94-40A8-8CA3-10A0602A42CD}.Debug|Any CPU.Build.0 = Debug|Any CPU
		{7D317CB1-1D94-40A8-8CA3-10A0602A42CD}.Release|Any CPU.ActiveCfg = Release|Any CPU
		{7D317CB1-1D94-40A8-8CA3-10A0602A42CD}.Release|Any CPU.Build.0 = Release|Any CPU
	EndGlobalSection
	GlobalSection(SolutionProperties) = preSolution
		HideSolutionNode = FALSE
	EndGlobalSection
	GlobalSection(ExtensibilityGlobals) = postSolution
		SolutionGuid = {B8D2D34B-EDFD-4CBC-A10E-0A57ADE3ABBC}
	EndGlobalSection
EndGlobal
